
Microsoft Visual Studio Solution File, Format Version 12.00
# Visual Studio Version 16
VisualStudioVersion = 16.0.32929.386
MinimumVisualStudioVersion = 10.0.40219.1
Project("{FAE04EC0-301F-11D3-BF4B-00C04F79EFBC}") = "BattleShipConsole", "BattleShipConsole\BattleShipConsole.csproj", "{8B7E7689-B4AA-45B3-9559-D947F82ED989}"
EndProject
Project("{FAE04EC0-301F-11D3-BF4B-00C04F79EFBC}") = "BattleShipLlibrary", "BattleShipLlibrary\BattleShipLlibrary.csproj", "{A1A36043-29D7-4615-B4CD-931C06793CF9}"
EndProject
Global
	GlobalSection(SolutionConfigurationPlatforms) = preSolution
		Debug|Any CPU = Debug|Any CPU
		Release|Any CPU = Release|Any CPU
	EndGlobalSection
	GlobalSection(ProjectConfigurationPlatforms) = postSolution
		{8B7E7689-B4AA-45B3-9559-D947F82ED989}.Debug|Any CPU.ActiveCfg = Debug|Any CPU
		{8B7E7689-B4AA-45B3-9559-D947F82ED989}.Debug|Any CPU.Build.0 = Debug|Any CPU
		{8B7E7689-B4AA-45B3-9559-D947F82ED989}.Release|Any CPU.ActiveCfg = Release|Any CPU
		{8B7E7689-B4AA-45B3-9559-D947F82ED989}.Release|Any CPU.Build.0 = Release|Any CPU
		{A1A36043-29D7-4615-B4CD-931C06793CF9}.Debug|Any CPU.ActiveCfg = Debug|Any CPU
		{A1A36043-29D7-4615-B4CD-931C06793CF9}.Debug|Any CPU.Build.0 = Debug|Any CPU
		{A1A36043-29D7-4615-B4CD-931C06793CF9}.Release|Any CPU.ActiveCfg = Release|Any CPU
		{A1A36043-29D7-4615-B4CD-931C06793CF9}.Release|Any CPU.Build.0 = Release|Any CPU
	EndGlobalSection
	GlobalSection(SolutionProperties) = preSolution
		HideSolutionNode = FALSE
	EndGlobalSection
	GlobalSection(ExtensibilityGlobals) = postSolution
		SolutionGuid = {CBC62077-26B5-4ABC-9391-5EE0F3C0A416}
	EndGlobalSection
EndGlobal
